
Microsoft Visual Studio Solution File, Format Version 12.00
# Visual Studio Version 16
VisualStudioVersion = 16.0.810.22
MinimumVisualStudioVersion = 10.0.40219.1
Project("{FAE04EC0-301F-11D3-BF4B-00C04F79EFBC}") = "TaskTracker", "TaskTracker\TaskTracker.csproj", "{FC073596-2A20-4145-B7A6-B9BDED74C2B8}"
EndProject
Global
	GlobalSection(SolutionConfigurationPlatforms) = preSolution
		Debug|Any CPU = Debug|Any CPU
		Release|Any CPU = Release|Any CPU
	EndGlobalSection
	GlobalSection(ProjectConfigurationPlatforms) = postSolution
		{FC073596-2A20-4145-B7A6-B9BDED74C2B8}.Debug|Any CPU.ActiveCfg = Debug|Any CPU
		{FC073596-2A20-4145-B7A6-B9BDED74C2B8}.Debug|Any CPU.Build.0 = Debug|Any CPU
		{FC073596-2A20-4145-B7A6-B9BDED74C2B8}.Release|Any CPU.ActiveCfg = Release|Any CPU
		{FC073596-2A20-4145-B7A6-B9BDED74C2B8}.Release|Any CPU.Build.0 = Release|Any CPU
	EndGlobalSection
	GlobalSection(SolutionProperties) = preSolution
		HideSolutionNode = FALSE
	EndGlobalSection
	GlobalSection(ExtensibilityGlobals) = postSolution
		SolutionGuid = {90A5CC28-E11F-4DB5-B6DB-3663E915E978}
	EndGlobalSection
EndGlobal
